
Microsoft Visual Studio Solution File, Format Version 12.00
# Visual Studio Version 16
VisualStudioVersion = 16.0.29609.76
MinimumVisualStudioVersion = 10.0.40219.1
Project("{8BC9CEB8-8B4A-11D0-8D11-00A0C91BC942}") = "演讲比赛流程管理系统", "演讲比赛流程管理系统\演讲比赛流程管理系统.vcxproj", "{DA37D512-310C-401D-96E0-E75551CAF962}"
EndProject
Global
	GlobalSection(SolutionConfigurationPlatforms) = preSolution
		Debug|x64 = Debug|x64
		Debug|x86 = Debug|x86
		Release|x64 = Release|x64
		Release|x86 = Release|x86
	EndGlobalSection
	GlobalSection(ProjectConfigurationPlatforms) = postSolution
		{DA37D512-310C-401D-96E0-E75551CAF962}.Debug|x64.ActiveCfg = Debug|x64
		{DA37D512-310C-401D-96E0-E75551CAF962}.Debug|x64.Build.0 = Debug|x64
		{DA37D512-310C-401D-96E0-E75551CAF962}.Debug|x86.ActiveCfg = Debug|Win32
		{DA37D512-310C-401D-96E0-E75551CAF962}.Debug|x86.Build.0 = Debug|Win32
		{DA37D512-310C-401D-96E0-E75551CAF962}.Release|x64.ActiveCfg = Release|x64
		{DA37D512-310C-401D-96E0-E75551CAF962}.Release|x64.Build.0 = Release|x64
		{DA37D512-310C-401D-96E0-E75551CAF962}.Release|x86.ActiveCfg = Release|Win32
		{DA37D512-310C-401D-96E0-E75551CAF962}.Release|x86.Build.0 = Release|Win32
	EndGlobalSection
	GlobalSection(SolutionProperties) = preSolution
		HideSolutionNode = FALSE
	EndGlobalSection
	GlobalSection(ExtensibilityGlobals) = postSolution
		SolutionGuid = {14EE8812-C3D8-4500-950A-078DDF18468B}
	EndGlobalSection
EndGlobal
